// !$*UTF8*$!
{
	archiveVersion = 1;
	classes = {
	};
	objectVersion = 50;
	objects = {

/* Begin PBXBuildFile section */
		0021F27E6BC6AB5E918D328C /* Pods_anti_wasteTests.framework in Frameworks */ = {isa = PBXBuildFile; fileRef = 2330B7B8F15B7DED8EE289A1 /* Pods_anti_wasteTests.framework */; };
		12BF6D12CE100F80A60046EA /* Pods_anti_wasteUITests.framework in Frameworks */ = {isa = PBXBuildFile; fileRef = CD08EA55A99DA62D9E252E3E /* Pods_anti_wasteUITests.framework */; };
		639E3AC5370401C4ACB11198 /* Pods_anti_waste.framework in Frameworks */ = {isa = PBXBuildFile; fileRef = 37663163D6C7F56B3CFED527 /* Pods_anti_waste.framework */; };
		DB05A22F2253A0990078482C /* Lato-Bold.ttf in Resources */ = {isa = PBXBuildFile; fileRef = DB05A22C2253A0970078482C /* Lato-Bold.ttf */; };
		DB05A2302253A0990078482C /* Lato-Heavy.ttf in Resources */ = {isa = PBXBuildFile; fileRef = DB05A22D2253A0980078482C /* Lato-Heavy.ttf */; };
		DB05A2312253A0990078482C /* Lato-Regular.ttf in Resources */ = {isa = PBXBuildFile; fileRef = DB05A22E2253A0990078482C /* Lato-Regular.ttf */; };
		DB05A2352253AB4D0078482C /* Scanner.storyboard in Resources */ = {isa = PBXBuildFile; fileRef = DB05A2342253AB4D0078482C /* Scanner.storyboard */; };
		DB45E06522526C4A0009CB4A /* AppDelegate.swift in Sources */ = {isa = PBXBuildFile; fileRef = DB45E06422526C4A0009CB4A /* AppDelegate.swift */; };
		DB45E06722526C4A0009CB4A /* ViewController.swift in Sources */ = {isa = PBXBuildFile; fileRef = DB45E06622526C4A0009CB4A /* ViewController.swift */; };
		DB45E06A22526C4A0009CB4A /* Main.storyboard in Resources */ = {isa = PBXBuildFile; fileRef = DB45E06822526C4A0009CB4A /* Main.storyboard */; };
		DB45E06C22526C4B0009CB4A /* Assets.xcassets in Resources */ = {isa = PBXBuildFile; fileRef = DB45E06B22526C4B0009CB4A /* Assets.xcassets */; };
		DB45E06F22526C4B0009CB4A /* LaunchScreen.storyboard in Resources */ = {isa = PBXBuildFile; fileRef = DB45E06D22526C4B0009CB4A /* LaunchScreen.storyboard */; };
		DB45E07A22526C4B0009CB4A /* anti_wasteTests.swift in Sources */ = {isa = PBXBuildFile; fileRef = DB45E07922526C4B0009CB4A /* anti_wasteTests.swift */; };
		DB45E08522526C4B0009CB4A /* anti_wasteUITests.swift in Sources */ = {isa = PBXBuildFile; fileRef = DB45E08422526C4B0009CB4A /* anti_wasteUITests.swift */; };
		DB45E09722526D1F0009CB4A /* ScannerViewController.swift in Sources */ = {isa = PBXBuildFile; fileRef = DB45E09622526D1F0009CB4A /* ScannerViewController.swift */; };
		DB72A95D22539CC70058CE98 /* Info.plist in Resources */ = {isa = PBXBuildFile; fileRef = DB45E07022526C4B0009CB4A /* Info.plist */; };
		DB81FA46225512E0006BCF85 /* OpenSans-Bold.ttf in Resources */ = {isa = PBXBuildFile; fileRef = DB81FA44225512E0006BCF85 /* OpenSans-Bold.ttf */; };
		DB81FA47225512E0006BCF85 /* OpenSans-Regular.ttf in Resources */ = {isa = PBXBuildFile; fileRef = DB81FA45225512E0006BCF85 /* OpenSans-Regular.ttf */; };
/* End PBXBuildFile section */

/* Begin PBXContainerItemProxy section */
		DB45E07622526C4B0009CB4A /* PBXContainerItemProxy */ = {
			isa = PBXContainerItemProxy;
			containerPortal = DB45E05922526C4A0009CB4A /* Project object */;
			proxyType = 1;
			remoteGlobalIDString = DB45E06022526C4A0009CB4A;
			remoteInfo = "anti-waste";
		};
		DB45E08122526C4B0009CB4A /* PBXContainerItemProxy */ = {
			isa = PBXContainerItemProxy;
			containerPortal = DB45E05922526C4A0009CB4A /* Project object */;
			proxyType = 1;
			remoteGlobalIDString = DB45E06022526C4A0009CB4A;
			remoteInfo = "anti-waste";
		};
/* End PBXContainerItemProxy section */

/* Begin PBXFileReference section */
		2330B7B8F15B7DED8EE289A1 /* Pods_anti_wasteTests.framework */ = {isa = PBXFileReference; explicitFileType = wrapper.framework; includeInIndex = 0; path = Pods_anti_wasteTests.framework; sourceTree = BUILT_PRODUCTS_DIR; };
		2ACB531EF1462FEBCD3900A7 /* Pods-anti-wasteTests.release.xcconfig */ = {isa = PBXFileReference; includeInIndex = 1; lastKnownFileType = text.xcconfig; name = "Pods-anti-wasteTests.release.xcconfig"; path = "Pods/Target Support Files/Pods-anti-wasteTests/Pods-anti-wasteTests.release.xcconfig"; sourceTree = "<group>"; };
		37663163D6C7F56B3CFED527 /* Pods_anti_waste.framework */ = {isa = PBXFileReference; explicitFileType = wrapper.framework; includeInIndex = 0; path = Pods_anti_waste.framework; sourceTree = BUILT_PRODUCTS_DIR; };
		8480584518C47F511CA0AEC4 /* Pods-anti-wasteTests.debug.xcconfig */ = {isa = PBXFileReference; includeInIndex = 1; lastKnownFileType = text.xcconfig; name = "Pods-anti-wasteTests.debug.xcconfig"; path = "Pods/Target Support Files/Pods-anti-wasteTests/Pods-anti-wasteTests.debug.xcconfig"; sourceTree = "<group>"; };
		9DACBB64AF58249BD7BB35BF /* Pods-anti-wasteUITests.debug.xcconfig */ = {isa = PBXFileReference; includeInIndex = 1; lastKnownFileType = text.xcconfig; name = "Pods-anti-wasteUITests.debug.xcconfig"; path = "Pods/Target Support Files/Pods-anti-wasteUITests/Pods-anti-wasteUITests.debug.xcconfig"; sourceTree = "<group>"; };
		CD08EA55A99DA62D9E252E3E /* Pods_anti_wasteUITests.framework */ = {isa = PBXFileReference; explicitFileType = wrapper.framework; includeInIndex = 0; path = Pods_anti_wasteUITests.framework; sourceTree = BUILT_PRODUCTS_DIR; };
		D7FF8365CD177AF46D160831 /* Pods-anti-wasteUITests.release.xcconfig */ = {isa = PBXFileReference; includeInIndex = 1; lastKnownFileType = text.xcconfig; name = "Pods-anti-wasteUITests.release.xcconfig"; path = "Pods/Target Support Files/Pods-anti-wasteUITests/Pods-anti-wasteUITests.release.xcconfig"; sourceTree = "<group>"; };
		DB05A22C2253A0970078482C /* Lato-Bold.ttf */ = {isa = PBXFileReference; lastKnownFileType = file; path = "Lato-Bold.ttf"; sourceTree = "<group>"; };
		DB05A22D2253A0980078482C /* Lato-Heavy.ttf */ = {isa = PBXFileReference; lastKnownFileType = file; path = "Lato-Heavy.ttf"; sourceTree = "<group>"; };
		DB05A22E2253A0990078482C /* Lato-Regular.ttf */ = {isa = PBXFileReference; lastKnownFileType = file; path = "Lato-Regular.ttf"; sourceTree = "<group>"; };
		DB05A2342253AB4D0078482C /* Scanner.storyboard */ = {isa = PBXFileReference; lastKnownFileType = file.storyboard; path = Scanner.storyboard; sourceTree = "<group>"; };
		DB45E06122526C4A0009CB4A /* anti-waste.app */ = {isa = PBXFileReference; explicitFileType = wrapper.application; includeInIndex = 0; path = "anti-waste.app"; sourceTree = BUILT_PRODUCTS_DIR; };
		DB45E06422526C4A0009CB4A /* AppDelegate.swift */ = {isa = PBXFileReference; lastKnownFileType = sourcecode.swift; path = AppDelegate.swift; sourceTree = "<group>"; };
		DB45E06622526C4A0009CB4A /* ViewController.swift */ = {isa = PBXFileReference; lastKnownFileType = sourcecode.swift; path = ViewController.swift; sourceTree = "<group>"; };
		DB45E06922526C4A0009CB4A /* Base */ = {isa = PBXFileReference; lastKnownFileType = file.storyboard; name = Base; path = Base.lproj/Main.storyboard; sourceTree = "<group>"; };
		DB45E06B22526C4B0009CB4A /* Assets.xcassets */ = {isa = PBXFileReference; lastKnownFileType = folder.assetcatalog; path = Assets.xcassets; sourceTree = "<group>"; };
		DB45E06E22526C4B0009CB4A /* Base */ = {isa = PBXFileReference; lastKnownFileType = file.storyboard; name = Base; path = Base.lproj/LaunchScreen.storyboard; sourceTree = "<group>"; };
		DB45E07022526C4B0009CB4A /* Info.plist */ = {isa = PBXFileReference; lastKnownFileType = text.plist.xml; path = Info.plist; sourceTree = "<group>"; };
		DB45E07522526C4B0009CB4A /* anti-wasteTests.xctest */ = {isa = PBXFileReference; explicitFileType = wrapper.cfbundle; includeInIndex = 0; path = "anti-wasteTests.xctest"; sourceTree = BUILT_PRODUCTS_DIR; };
		DB45E07922526C4B0009CB4A /* anti_wasteTests.swift */ = {isa = PBXFileReference; lastKnownFileType = sourcecode.swift; path = anti_wasteTests.swift; sourceTree = "<group>"; };
		DB45E07B22526C4B0009CB4A /* Info.plist */ = {isa = PBXFileReference; lastKnownFileType = text.plist.xml; path = Info.plist; sourceTree = "<group>"; };
		DB45E08022526C4B0009CB4A /* anti-wasteUITests.xctest */ = {isa = PBXFileReference; explicitFileType = wrapper.cfbundle; includeInIndex = 0; path = "anti-wasteUITests.xctest"; sourceTree = BUILT_PRODUCTS_DIR; };
		DB45E08422526C4B0009CB4A /* anti_wasteUITests.swift */ = {isa = PBXFileReference; lastKnownFileType = sourcecode.swift; path = anti_wasteUITests.swift; sourceTree = "<group>"; };
		DB45E08622526C4B0009CB4A /* Info.plist */ = {isa = PBXFileReference; lastKnownFileType = text.plist.xml; path = Info.plist; sourceTree = "<group>"; };
		DB45E09622526D1F0009CB4A /* ScannerViewController.swift */ = {isa = PBXFileReference; lastKnownFileType = sourcecode.swift; path = ScannerViewController.swift; sourceTree = "<group>"; };
		DB81FA44225512E0006BCF85 /* OpenSans-Bold.ttf */ = {isa = PBXFileReference; lastKnownFileType = file; path = "OpenSans-Bold.ttf"; sourceTree = "<group>"; };
		DB81FA45225512E0006BCF85 /* OpenSans-Regular.ttf */ = {isa = PBXFileReference; lastKnownFileType = file; path = "OpenSans-Regular.ttf"; sourceTree = "<group>"; };
		E66259B885EB267E41484D2C /* Pods-anti-waste.debug.xcconfig */ = {isa = PBXFileReference; includeInIndex = 1; lastKnownFileType = text.xcconfig; name = "Pods-anti-waste.debug.xcconfig"; path = "Pods/Target Support Files/Pods-anti-waste/Pods-anti-waste.debug.xcconfig"; sourceTree = "<group>"; };
		FFF62E7175E865095E71EC88 /* Pods-anti-waste.release.xcconfig */ = {isa = PBXFileReference; includeInIndex = 1; lastKnownFileType = text.xcconfig; name = "Pods-anti-waste.release.xcconfig"; path = "Pods/Target Support Files/Pods-anti-waste/Pods-anti-waste.release.xcconfig"; sourceTree = "<group>"; };
/* End PBXFileReference section */

/* Begin PBXFrameworksBuildPhase section */
		DB45E05E22526C4A0009CB4A /* Frameworks */ = {
			isa = PBXFrameworksBuildPhase;
			buildActionMask = 2147483647;
			files = (
				639E3AC5370401C4ACB11198 /* Pods_anti_waste.framework in Frameworks */,
			);
			runOnlyForDeploymentPostprocessing = 0;
		};
		DB45E07222526C4B0009CB4A /* Frameworks */ = {
			isa = PBXFrameworksBuildPhase;
			buildActionMask = 2147483647;
			files = (
				0021F27E6BC6AB5E918D328C /* Pods_anti_wasteTests.framework in Frameworks */,
			);
			runOnlyForDeploymentPostprocessing = 0;
		};
		DB45E07D22526C4B0009CB4A /* Frameworks */ = {
			isa = PBXFrameworksBuildPhase;
			buildActionMask = 2147483647;
			files = (
				12BF6D12CE100F80A60046EA /* Pods_anti_wasteUITests.framework in Frameworks */,
			);
			runOnlyForDeploymentPostprocessing = 0;
		};
/* End PBXFrameworksBuildPhase section */

/* Begin PBXGroup section */
		8836518582F9D4D92E451ED9 /* Frameworks */ = {
			isa = PBXGroup;
			children = (
				37663163D6C7F56B3CFED527 /* Pods_anti_waste.framework */,
				2330B7B8F15B7DED8EE289A1 /* Pods_anti_wasteTests.framework */,
				CD08EA55A99DA62D9E252E3E /* Pods_anti_wasteUITests.framework */,
			);
			name = Frameworks;
			sourceTree = "<group>";
		};
		9BA3128D7718949672E20544 /* Pods */ = {
			isa = PBXGroup;
			children = (
				E66259B885EB267E41484D2C /* Pods-anti-waste.debug.xcconfig */,
				FFF62E7175E865095E71EC88 /* Pods-anti-waste.release.xcconfig */,
				8480584518C47F511CA0AEC4 /* Pods-anti-wasteTests.debug.xcconfig */,
				2ACB531EF1462FEBCD3900A7 /* Pods-anti-wasteTests.release.xcconfig */,
				9DACBB64AF58249BD7BB35BF /* Pods-anti-wasteUITests.debug.xcconfig */,
				D7FF8365CD177AF46D160831 /* Pods-anti-wasteUITests.release.xcconfig */,
			);
			name = Pods;
			sourceTree = "<group>";
		};
		DB05A22B2253A0810078482C /* fonts */ = {
			isa = PBXGroup;
			children = (
				DB05A22C2253A0970078482C /* Lato-Bold.ttf */,
				DB05A22D2253A0980078482C /* Lato-Heavy.ttf */,
				DB05A22E2253A0990078482C /* Lato-Regular.ttf */,
				DB81FA44225512E0006BCF85 /* OpenSans-Bold.ttf */,
				DB81FA45225512E0006BCF85 /* OpenSans-Regular.ttf */,
			);
			path = fonts;
			sourceTree = "<group>";
		};
		DB45E05822526C4A0009CB4A = {
			isa = PBXGroup;
			children = (
				DB45E06322526C4A0009CB4A /* anti-waste */,
				DB45E07822526C4B0009CB4A /* anti-wasteTests */,
				DB45E08322526C4B0009CB4A /* anti-wasteUITests */,
				DB45E06222526C4A0009CB4A /* Products */,
				9BA3128D7718949672E20544 /* Pods */,
				8836518582F9D4D92E451ED9 /* Frameworks */,
			);
			sourceTree = "<group>";
		};
		DB45E06222526C4A0009CB4A /* Products */ = {
			isa = PBXGroup;
			children = (
				DB45E06122526C4A0009CB4A /* anti-waste.app */,
				DB45E07522526C4B0009CB4A /* anti-wasteTests.xctest */,
				DB45E08022526C4B0009CB4A /* anti-wasteUITests.xctest */,
			);
			name = Products;
			sourceTree = "<group>";
		};
		DB45E06322526C4A0009CB4A /* anti-waste */ = {
			isa = PBXGroup;
			children = (
				DB45E06422526C4A0009CB4A /* AppDelegate.swift */,
				DB45E06622526C4A0009CB4A /* ViewController.swift */,
				DB45E09622526D1F0009CB4A /* ScannerViewController.swift */,
				DB45E06822526C4A0009CB4A /* Main.storyboard */,
				DB05A2342253AB4D0078482C /* Scanner.storyboard */,
				DB45E06D22526C4B0009CB4A /* LaunchScreen.storyboard */,
				DB45E06B22526C4B0009CB4A /* Assets.xcassets */,
				DB05A22B2253A0810078482C /* fonts */,
				DB45E07022526C4B0009CB4A /* Info.plist */,
			);
			path = "anti-waste";
			sourceTree = "<group>";
		};
		DB45E07822526C4B0009CB4A /* anti-wasteTests */ = {
			isa = PBXGroup;
			children = (
				DB45E07922526C4B0009CB4A /* anti_wasteTests.swift */,
				DB45E07B22526C4B0009CB4A /* Info.plist */,
			);
			path = "anti-wasteTests";
			sourceTree = "<group>";
		};
		DB45E08322526C4B0009CB4A /* anti-wasteUITests */ = {
			isa = PBXGroup;
			children = (
				DB45E08422526C4B0009CB4A /* anti_wasteUITests.swift */,
				DB45E08622526C4B0009CB4A /* Info.plist */,
			);
			path = "anti-wasteUITests";
			sourceTree = "<group>";
		};
/* End PBXGroup section */

/* Begin PBXNativeTarget section */
		DB45E06022526C4A0009CB4A /* anti-waste */ = {
			isa = PBXNativeTarget;
			buildConfigurationList = DB45E08922526C4B0009CB4A /* Build configuration list for PBXNativeTarget "anti-waste" */;
			buildPhases = (
				B0E4B800B88DF0B2749AD67F /* [CP] Check Pods Manifest.lock */,
				DB45E05D22526C4A0009CB4A /* Sources */,
				DB45E05E22526C4A0009CB4A /* Frameworks */,
				DB45E05F22526C4A0009CB4A /* Resources */,
				E43FE6C4B53BE1B7811D2B3E /* [CP] Embed Pods Frameworks */,
			);
			buildRules = (
			);
			dependencies = (
			);
			name = "anti-waste";
			productName = "anti-waste";
			productReference = DB45E06122526C4A0009CB4A /* anti-waste.app */;
			productType = "com.apple.product-type.application";
		};
		DB45E07422526C4B0009CB4A /* anti-wasteTests */ = {
			isa = PBXNativeTarget;
			buildConfigurationList = DB45E08C22526C4B0009CB4A /* Build configuration list for PBXNativeTarget "anti-wasteTests" */;
			buildPhases = (
				AE6FA336D2C6BFAB93586776 /* [CP] Check Pods Manifest.lock */,
				DB45E07122526C4B0009CB4A /* Sources */,
				DB45E07222526C4B0009CB4A /* Frameworks */,
				DB45E07322526C4B0009CB4A /* Resources */,
			);
			buildRules = (
			);
			dependencies = (
				DB45E07722526C4B0009CB4A /* PBXTargetDependency */,
			);
			name = "anti-wasteTests";
			productName = "anti-wasteTests";
			productReference = DB45E07522526C4B0009CB4A /* anti-wasteTests.xctest */;
			productType = "com.apple.product-type.bundle.unit-test";
		};
		DB45E07F22526C4B0009CB4A /* anti-wasteUITests */ = {
			isa = PBXNativeTarget;
			buildConfigurationList = DB45E08F22526C4B0009CB4A /* Build configuration list for PBXNativeTarget "anti-wasteUITests" */;
			buildPhases = (
				0C24659BB81EA58D51CD0000 /* [CP] Check Pods Manifest.lock */,
				DB45E07C22526C4B0009CB4A /* Sources */,
				DB45E07D22526C4B0009CB4A /* Frameworks */,
				DB45E07E22526C4B0009CB4A /* Resources */,
			);
			buildRules = (
			);
			dependencies = (
				DB45E08222526C4B0009CB4A /* PBXTargetDependency */,
			);
			name = "anti-wasteUITests";
			productName = "anti-wasteUITests";
			productReference = DB45E08022526C4B0009CB4A /* anti-wasteUITests.xctest */;
			productType = "com.apple.product-type.bundle.ui-testing";
		};
/* End PBXNativeTarget section */

/* Begin PBXProject section */
		DB45E05922526C4A0009CB4A /* Project object */ = {
			isa = PBXProject;
			attributes = {
				LastSwiftUpdateCheck = 1020;
				LastUpgradeCheck = 1020;
				ORGANIZATIONNAME = "MT Creative";
				TargetAttributes = {
					DB45E06022526C4A0009CB4A = {
						CreatedOnToolsVersion = 10.2;
					};
					DB45E07422526C4B0009CB4A = {
						CreatedOnToolsVersion = 10.2;
						TestTargetID = DB45E06022526C4A0009CB4A;
					};
					DB45E07F22526C4B0009CB4A = {
						CreatedOnToolsVersion = 10.2;
						TestTargetID = DB45E06022526C4A0009CB4A;
					};
				};
			};
			buildConfigurationList = DB45E05C22526C4A0009CB4A /* Build configuration list for PBXProject "anti-waste" */;
			compatibilityVersion = "Xcode 9.3";
			developmentRegion = en;
			hasScannedForEncodings = 0;
			knownRegions = (
				en,
				Base,
			);
			mainGroup = DB45E05822526C4A0009CB4A;
			productRefGroup = DB45E06222526C4A0009CB4A /* Products */;
			projectDirPath = "";
			projectRoot = "";
			targets = (
				DB45E06022526C4A0009CB4A /* anti-waste */,
				DB45E07422526C4B0009CB4A /* anti-wasteTests */,
				DB45E07F22526C4B0009CB4A /* anti-wasteUITests */,
			);
		};
/* End PBXProject section */

/* Begin PBXResourcesBuildPhase section */
		DB45E05F22526C4A0009CB4A /* Resources */ = {
			isa = PBXResourcesBuildPhase;
			buildActionMask = 2147483647;
			files = (
				DB81FA47225512E0006BCF85 /* OpenSans-Regular.ttf in Resources */,
				DB05A2302253A0990078482C /* Lato-Heavy.ttf in Resources */,
				DB45E06F22526C4B0009CB4A /* LaunchScreen.storyboard in Resources */,
				DB05A22F2253A0990078482C /* Lato-Bold.ttf in Resources */,
				DB05A2352253AB4D0078482C /* Scanner.storyboard in Resources */,
				DB45E06C22526C4B0009CB4A /* Assets.xcassets in Resources */,
				DB81FA46225512E0006BCF85 /* OpenSans-Bold.ttf in Resources */,
				DB05A2312253A0990078482C /* Lato-Regular.ttf in Resources */,
				DB45E06A22526C4A0009CB4A /* Main.storyboard in Resources */,
				DB72A95D22539CC70058CE98 /* Info.plist in Resources */,
			);
			runOnlyForDeploymentPostprocessing = 0;
		};
		DB45E07322526C4B0009CB4A /* Resources */ = {
			isa = PBXResourcesBuildPhase;
			buildActionMask = 2147483647;
			files = (
			);
			runOnlyForDeploymentPostprocessing = 0;
		};
		DB45E07E22526C4B0009CB4A /* Resources */ = {
			isa = PBXResourcesBuildPhase;
			buildActionMask = 2147483647;
			files = (
			);
			runOnlyForDeploymentPostprocessing = 0;
		};
/* End PBXResourcesBuildPhase section */

/* Begin PBXShellScriptBuildPhase section */
		0C24659BB81EA58D51CD0000 /* [CP] Check Pods Manifest.lock */ = {
			isa = PBXShellScriptBuildPhase;
			buildActionMask = 2147483647;
			files = (
			);
			inputFileListPaths = (
			);
			inputPaths = (
				"${PODS_PODFILE_DIR_PATH}/Podfile.lock",
				"${PODS_ROOT}/Manifest.lock",
			);
			name = "[CP] Check Pods Manifest.lock";
			outputFileListPaths = (
			);
			outputPaths = (
				"$(DERIVED_FILE_DIR)/Pods-anti-wasteUITests-checkManifestLockResult.txt",
			);
			runOnlyForDeploymentPostprocessing = 0;
			shellPath = /bin/sh;
			shellScript = "diff \"${PODS_PODFILE_DIR_PATH}/Podfile.lock\" \"${PODS_ROOT}/Manifest.lock\" > /dev/null\nif [ $? != 0 ] ; then\n    # print error to STDERR\n    echo \"error: The sandbox is not in sync with the Podfile.lock. Run 'pod install' or update your CocoaPods installation.\" >&2\n    exit 1\nfi\n# This output is used by Xcode 'outputs' to avoid re-running this script phase.\necho \"SUCCESS\" > \"${SCRIPT_OUTPUT_FILE_0}\"\n";
			showEnvVarsInLog = 0;
		};
		AE6FA336D2C6BFAB93586776 /* [CP] Check Pods Manifest.lock */ = {
			isa = PBXShellScriptBuildPhase;
			buildActionMask = 2147483647;
			files = (
			);
			inputFileListPaths = (
			);
			inputPaths = (
				"${PODS_PODFILE_DIR_PATH}/Podfile.lock",
				"${PODS_ROOT}/Manifest.lock",
			);
			name = "[CP] Check Pods Manifest.lock";
			outputFileListPaths = (
			);
			outputPaths = (
				"$(DERIVED_FILE_DIR)/Pods-anti-wasteTests-checkManifestLockResult.txt",
			);
			runOnlyForDeploymentPostprocessing = 0;
			shellPath = /bin/sh;
			shellScript = "diff \"${PODS_PODFILE_DIR_PATH}/Podfile.lock\" \"${PODS_ROOT}/Manifest.lock\" > /dev/null\nif [ $? != 0 ] ; then\n    # print error to STDERR\n    echo \"error: The sandbox is not in sync with the Podfile.lock. Run 'pod install' or update your CocoaPods installation.\" >&2\n    exit 1\nfi\n# This output is used by Xcode 'outputs' to avoid re-running this script phase.\necho \"SUCCESS\" > \"${SCRIPT_OUTPUT_FILE_0}\"\n";
			showEnvVarsInLog = 0;
		};
		B0E4B800B88DF0B2749AD67F /* [CP] Check Pods Manifest.lock */ = {
			isa = PBXShellScriptBuildPhase;
			buildActionMask = 2147483647;
			files = (
			);
			inputFileListPaths = (
			);
			inputPaths = (
				"${PODS_PODFILE_DIR_PATH}/Podfile.lock",
				"${PODS_ROOT}/Manifest.lock",
			);
			name = "[CP] Check Pods Manifest.lock";
			outputFileListPaths = (
			);
			outputPaths = (
				"$(DERIVED_FILE_DIR)/Pods-anti-waste-checkManifestLockResult.txt",
			);
			runOnlyForDeploymentPostprocessing = 0;
			shellPath = /bin/sh;
			shellScript = "diff \"${PODS_PODFILE_DIR_PATH}/Podfile.lock\" \"${PODS_ROOT}/Manifest.lock\" > /dev/null\nif [ $? != 0 ] ; then\n    # print error to STDERR\n    echo \"error: The sandbox is not in sync with the Podfile.lock. Run 'pod install' or update your CocoaPods installation.\" >&2\n    exit 1\nfi\n# This output is used by Xcode 'outputs' to avoid re-running this script phase.\necho \"SUCCESS\" > \"${SCRIPT_OUTPUT_FILE_0}\"\n";
			showEnvVarsInLog = 0;
		};
		E43FE6C4B53BE1B7811D2B3E /* [CP] Embed Pods Frameworks */ = {
			isa = PBXShellScriptBuildPhase;
			buildActionMask = 2147483647;
			files = (
			);
			inputFileListPaths = (
			);
			inputPaths = (
				"${SRCROOT}/Pods/Target Support Files/Pods-anti-waste/Pods-anti-waste-frameworks.sh",
				"${BUILT_PRODUCTS_DIR}/Alamofire/Alamofire.framework",
				"${BUILT_PRODUCTS_DIR}/SwiftyJSON/SwiftyJSON.framework",
				"${BUILT_PRODUCTS_DIR}/SwiftyOnboard/SwiftyOnboard.framework",
			);
			name = "[CP] Embed Pods Frameworks";
			outputFileListPaths = (
			);
			outputPaths = (
				"${TARGET_BUILD_DIR}/${FRAMEWORKS_FOLDER_PATH}/Alamofire.framework",
				"${TARGET_BUILD_DIR}/${FRAMEWORKS_FOLDER_PATH}/SwiftyJSON.framework",
				"${TARGET_BUILD_DIR}/${FRAMEWORKS_FOLDER_PATH}/SwiftyOnboard.framework",
			);
			runOnlyForDeploymentPostprocessing = 0;
			shellPath = /bin/sh;
			shellScript = "\"${SRCROOT}/Pods/Target Support Files/Pods-anti-waste/Pods-anti-waste-frameworks.sh\"\n";
			showEnvVarsInLog = 0;
		};
/* End PBXShellScriptBuildPhase section */

/* Begin PBXSourcesBuildPhase section */
		DB45E05D22526C4A0009CB4A /* Sources */ = {
			isa = PBXSourcesBuildPhase;
			buildActionMask = 2147483647;
			files = (
				DB45E06722526C4A0009CB4A /* ViewController.swift in Sources */,
				DB45E09722526D1F0009CB4A /* ScannerViewController.swift in Sources */,
				DB45E06522526C4A0009CB4A /* AppDelegate.swift in Sources */,
			);
			runOnlyForDeploymentPostprocessing = 0;
		};
		DB45E07122526C4B0009CB4A /* Sources */ = {
			isa = PBXSourcesBuildPhase;
			buildActionMask = 2147483647;
			files = (
				DB45E07A22526C4B0009CB4A /* anti_wasteTests.swift in Sources */,
			);
			runOnlyForDeploymentPostprocessing = 0;
		};
		DB45E07C22526C4B0009CB4A /* Sources */ = {
			isa = PBXSourcesBuildPhase;
			buildActionMask = 2147483647;
			files = (
				DB45E08522526C4B0009CB4A /* anti_wasteUITests.swift in Sources */,
			);
			runOnlyForDeploymentPostprocessing = 0;
		};
/* End PBXSourcesBuildPhase section */

/* Begin PBXTargetDependency section */
		DB45E07722526C4B0009CB4A /* PBXTargetDependency */ = {
			isa = PBXTargetDependency;
			target = DB45E06022526C4A0009CB4A /* anti-waste */;
			targetProxy = DB45E07622526C4B0009CB4A /* PBXContainerItemProxy */;
		};
		DB45E08222526C4B0009CB4A /* PBXTargetDependency */ = {
			isa = PBXTargetDependency;
			target = DB45E06022526C4A0009CB4A /* anti-waste */;
			targetProxy = DB45E08122526C4B0009CB4A /* PBXContainerItemProxy */;
		};
/* End PBXTargetDependency section */

/* Begin PBXVariantGroup section */
		DB45E06822526C4A0009CB4A /* Main.storyboard */ = {
			isa = PBXVariantGroup;
			children = (
				DB45E06922526C4A0009CB4A /* Base */,
			);
			name = Main.storyboard;
			sourceTree = "<group>";
		};
		DB45E06D22526C4B0009CB4A /* LaunchScreen.storyboard */ = {
			isa = PBXVariantGroup;
			children = (
				DB45E06E22526C4B0009CB4A /* Base */,
			);
			name = LaunchScreen.storyboard;
			sourceTree = "<group>";
		};
/* End PBXVariantGroup section */

/* Begin XCBuildConfiguration section */
		DB45E08722526C4B0009CB4A /* Debug */ = {
			isa = XCBuildConfiguration;
			buildSettings = {
				ALWAYS_SEARCH_USER_PATHS = NO;
				CLANG_ANALYZER_NONNULL = YES;
				CLANG_ANALYZER_NUMBER_OBJECT_CONVERSION = YES_AGGRESSIVE;
				CLANG_CXX_LANGUAGE_STANDARD = "gnu++14";
				CLANG_CXX_LIBRARY = "libc++";
				CLANG_ENABLE_MODULES = YES;
				CLANG_ENABLE_OBJC_ARC = YES;
				CLANG_ENABLE_OBJC_WEAK = YES;
				CLANG_WARN_BLOCK_CAPTURE_AUTORELEASING = YES;
				CLANG_WARN_BOOL_CONVERSION = YES;
				CLANG_WARN_COMMA = YES;
				CLANG_WARN_CONSTANT_CONVERSION = YES;
				CLANG_WARN_DEPRECATED_OBJC_IMPLEMENTATIONS = YES;
				CLANG_WARN_DIRECT_OBJC_ISA_USAGE = YES_ERROR;
				CLANG_WARN_DOCUMENTATION_COMMENTS = YES;
				CLANG_WARN_EMPTY_BODY = YES;
				CLANG_WARN_ENUM_CONVERSION = YES;
				CLANG_WARN_INFINITE_RECURSION = YES;
				CLANG_WARN_INT_CONVERSION = YES;
				CLANG_WARN_NON_LITERAL_NULL_CONVERSION = YES;
				CLANG_WARN_OBJC_IMPLICIT_RETAIN_SELF = YES;
				CLANG_WARN_OBJC_LITERAL_CONVERSION = YES;
				CLANG_WARN_OBJC_ROOT_CLASS = YES_ERROR;
				CLANG_WARN_RANGE_LOOP_ANALYSIS = YES;
				CLANG_WARN_STRICT_PROTOTYPES = YES;
				CLANG_WARN_SUSPICIOUS_MOVE = YES;
				CLANG_WARN_UNGUARDED_AVAILABILITY = YES_AGGRESSIVE;
				CLANG_WARN_UNREACHABLE_CODE = YES;
				CLANG_WARN__DUPLICATE_METHOD_MATCH = YES;
				CODE_SIGN_IDENTITY = "iPhone Developer";
				COPY_PHASE_STRIP = NO;
				DEBUG_INFORMATION_FORMAT = dwarf;
				ENABLE_STRICT_OBJC_MSGSEND = YES;
				ENABLE_TESTABILITY = YES;
				GCC_C_LANGUAGE_STANDARD = gnu11;
				GCC_DYNAMIC_NO_PIC = NO;
				GCC_NO_COMMON_BLOCKS = YES;
				GCC_OPTIMIZATION_LEVEL = 0;
				GCC_PREPROCESSOR_DEFINITIONS = (
					"DEBUG=1",
					"$(inherited)",
				);
				GCC_WARN_64_TO_32_BIT_CONVERSION = YES;
				GCC_WARN_ABOUT_RETURN_TYPE = YES_ERROR;
				GCC_WARN_UNDECLARED_SELECTOR = YES;
				GCC_WARN_UNINITIALIZED_AUTOS = YES_AGGRESSIVE;
				GCC_WARN_UNUSED_FUNCTION = YES;
				GCC_WARN_UNUSED_VARIABLE = YES;
				IPHONEOS_DEPLOYMENT_TARGET = 12.2;
				MTL_ENABLE_DEBUG_INFO = INCLUDE_SOURCE;
				MTL_FAST_MATH = YES;
				ONLY_ACTIVE_ARCH = YES;
				SDKROOT = iphoneos;
				SWIFT_ACTIVE_COMPILATION_CONDITIONS = DEBUG;
				SWIFT_OPTIMIZATION_LEVEL = "-Onone";
			};
			name = Debug;
		};
		DB45E08822526C4B0009CB4A /* Release */ = {
			isa = XCBuildConfiguration;
			buildSettings = {
				ALWAYS_SEARCH_USER_PATHS = NO;
				CLANG_ANALYZER_NONNULL = YES;
				CLANG_ANALYZER_NUMBER_OBJECT_CONVERSION = YES_AGGRESSIVE;
				CLANG_CXX_LANGUAGE_STANDARD = "gnu++14";
				CLANG_CXX_LIBRARY = "libc++";
				CLANG_ENABLE_MODULES = YES;
				CLANG_ENABLE_OBJC_ARC = YES;
				CLANG_ENABLE_OBJC_WEAK = YES;
				CLANG_WARN_BLOCK_CAPTURE_AUTORELEASING = YES;
				CLANG_WARN_BOOL_CONVERSION = YES;
				CLANG_WARN_COMMA = YES;
				CLANG_WARN_CONSTANT_CONVERSION = YES;
				CLANG_WARN_DEPRECATED_OBJC_IMPLEMENTATIONS = YES;
				CLANG_WARN_DIRECT_OBJC_ISA_USAGE = YES_ERROR;
				CLANG_WARN_DOCUMENTATION_COMMENTS = YES;
				CLANG_WARN_EMPTY_BODY = YES;
				CLANG_WARN_ENUM_CONVERSION = YES;
				CLANG_WARN_INFINITE_RECURSION = YES;
				CLANG_WARN_INT_CONVERSION = YES;
				CLANG_WARN_NON_LITERAL_NULL_CONVERSION = YES;
				CLANG_WARN_OBJC_IMPLICIT_RETAIN_SELF = YES;
				CLANG_WARN_OBJC_LITERAL_CONVERSION = YES;
				CLANG_WARN_OBJC_ROOT_CLASS = YES_ERROR;
				CLANG_WARN_RANGE_LOOP_ANALYSIS = YES;
				CLANG_WARN_STRICT_PROTOTYPES = YES;
				CLANG_WARN_SUSPICIOUS_MOVE = YES;
				CLANG_WARN_UNGUARDED_AVAILABILITY = YES_AGGRESSIVE;
				CLANG_WARN_UNREACHABLE_CODE = YES;
				CLANG_WARN__DUPLICATE_METHOD_MATCH = YES;
				CODE_SIGN_IDENTITY = "iPhone Developer";
				COPY_PHASE_STRIP = NO;
				DEBUG_INFORMATION_FORMAT = "dwarf-with-dsym";
				ENABLE_NS_ASSERTIONS = NO;
				ENABLE_STRICT_OBJC_MSGSEND = YES;
				GCC_C_LANGUAGE_STANDARD = gnu11;
				GCC_NO_COMMON_BLOCKS = YES;
				GCC_WARN_64_TO_32_BIT_CONVERSION = YES;
				GCC_WARN_ABOUT_RETURN_TYPE = YES_ERROR;
				GCC_WARN_UNDECLARED_SELECTOR = YES;
				GCC_WARN_UNINITIALIZED_AUTOS = YES_AGGRESSIVE;
				GCC_WARN_UNUSED_FUNCTION = YES;
				GCC_WARN_UNUSED_VARIABLE = YES;
				IPHONEOS_DEPLOYMENT_TARGET = 12.2;
				MTL_ENABLE_DEBUG_INFO = NO;
				MTL_FAST_MATH = YES;
				SDKROOT = iphoneos;
				SWIFT_COMPILATION_MODE = wholemodule;
				SWIFT_OPTIMIZATION_LEVEL = "-O";
				VALIDATE_PRODUCT = YES;
			};
			name = Release;
		};
		DB45E08A22526C4B0009CB4A /* Debug */ = {
			isa = XCBuildConfiguration;
			baseConfigurationReference = E66259B885EB267E41484D2C /* Pods-anti-waste.debug.xcconfig */;
			buildSettings = {
				ASSETCATALOG_COMPILER_APPICON_NAME = AppIcon;
				CODE_SIGN_STYLE = Automatic;
				DEVELOPMENT_TEAM = HJD4UAL56S;
				INFOPLIST_FILE = "anti-waste/Info.plist";
				LD_RUNPATH_SEARCH_PATHS = (
					"$(inherited)",
					"@executable_path/Frameworks",
				);
				PRODUCT_BUNDLE_IDENTIFIER = "com.mt-creative.anti-waste";
				PRODUCT_NAME = "$(TARGET_NAME)";
				SWIFT_VERSION = 5.0;
				TARGETED_DEVICE_FAMILY = "1,2";
			};
			name = Debug;
		};
		DB45E08B22526C4B0009CB4A /* Release */ = {
			isa = XCBuildConfiguration;
			baseConfigurationReference = FFF62E7175E865095E71EC88 /* Pods-anti-waste.release.xcconfig */;
			buildSettings = {
				ASSETCATALOG_COMPILER_APPICON_NAME = AppIcon;
				CODE_SIGN_STYLE = Automatic;
				DEVELOPMENT_TEAM = HJD4UAL56S;
				INFOPLIST_FILE = "anti-waste/Info.plist";
				LD_RUNPATH_SEARCH_PATHS = (
					"$(inherited)",
					"@executable_path/Frameworks",
				);
				PRODUCT_BUNDLE_IDENTIFIER = "com.mt-creative.anti-waste";
				PRODUCT_NAME = "$(TARGET_NAME)";
				SWIFT_VERSION = 5.0;
				TARGETED_DEVICE_FAMILY = "1,2";
			};
			name = Release;
		};
		DB45E08D22526C4B0009CB4A /* Debug */ = {
			isa = XCBuildConfiguration;
			baseConfigurationReference = 8480584518C47F511CA0AEC4 /* Pods-anti-wasteTests.debug.xcconfig */;
			buildSettings = {
				ALWAYS_EMBED_SWIFT_STANDARD_LIBRARIES = YES;
				BUNDLE_LOADER = "$(TEST_HOST)";
				CODE_SIGN_STYLE = Automatic;
				INFOPLIST_FILE = "anti-wasteTests/Info.plist";
				LD_RUNPATH_SEARCH_PATHS = (
					"$(inherited)",
					"@executable_path/Frameworks",
					"@loader_path/Frameworks",
				);
				PRODUCT_BUNDLE_IDENTIFIER = "com.mt-creative.anti-wasteTests";
				PRODUCT_NAME = "$(TARGET_NAME)";
				SWIFT_VERSION = 5.0;
				TARGETED_DEVICE_FAMILY = "1,2";
				TEST_HOST = "$(BUILT_PRODUCTS_DIR)/anti-waste.app/anti-waste";
			};
			name = Debug;
		};
		DB45E08E22526C4B0009CB4A /* Release */ = {
			isa = XCBuildConfiguration;
			baseConfigurationReference = 2ACB531EF1462FEBCD3900A7 /* Pods-anti-wasteTests.release.xcconfig */;
			buildSettings = {
				ALWAYS_EMBED_SWIFT_STANDARD_LIBRARIES = YES;
				BUNDLE_LOADER = "$(TEST_HOST)";
				CODE_SIGN_STYLE = Automatic;
				INFOPLIST_FILE = "anti-wasteTests/Info.plist";
				LD_RUNPATH_SEARCH_PATHS = (
					"$(inherited)",
					"@executable_path/Frameworks",
					"@loader_path/Frameworks",
				);
				PRODUCT_BUNDLE_IDENTIFIER = "com.mt-creative.anti-wasteTests";
				PRODUCT_NAME = "$(TARGET_NAME)";
				SWIFT_VERSION = 5.0;
				TARGETED_DEVICE_FAMILY = "1,2";
				TEST_HOST = "$(BUILT_PRODUCTS_DIR)/anti-waste.app/anti-waste";
			};
			name = Release;
		};
		DB45E09022526C4B0009CB4A /* Debug */ = {
			isa = XCBuildConfiguration;
			baseConfigurationReference = 9DACBB64AF58249BD7BB35BF /* Pods-anti-wasteUITests.debug.xcconfig */;
			buildSettings = {
				ALWAYS_EMBED_SWIFT_STANDARD_LIBRARIES = YES;
				CODE_SIGN_STYLE = Automatic;
				INFOPLIST_FILE = "anti-wasteUITests/Info.plist";
				LD_RUNPATH_SEARCH_PATHS = (
					"$(inherited)",
					"@executable_path/Frameworks",
					"@loader_path/Frameworks",
				);
				PRODUCT_BUNDLE_IDENTIFIER = "com.mt-creative.anti-wasteUITests";
				PRODUCT_NAME = "$(TARGET_NAME)";
				SWIFT_VERSION = 5.0;
				TARGETED_DEVICE_FAMILY = "1,2";
				TEST_TARGET_NAME = "anti-waste";
			};
			name = Debug;
		};
		DB45E09122526C4B0009CB4A /* Release */ = {
			isa = XCBuildConfiguration;
			baseConfigurationReference = D7FF8365CD177AF46D160831 /* Pods-anti-wasteUITests.release.xcconfig */;
			buildSettings = {
				ALWAYS_EMBED_SWIFT_STANDARD_LIBRARIES = YES;
				CODE_SIGN_STYLE = Automatic;
				INFOPLIST_FILE = "anti-wasteUITests/Info.plist";
				LD_RUNPATH_SEARCH_PATHS = (
					"$(inherited)",
					"@executable_path/Frameworks",
					"@loader_path/Frameworks",
				);
				PRODUCT_BUNDLE_IDENTIFIER = "com.mt-creative.anti-wasteUITests";
				PRODUCT_NAME = "$(TARGET_NAME)";
				SWIFT_VERSION = 5.0;
				TARGETED_DEVICE_FAMILY = "1,2";
				TEST_TARGET_NAME = "anti-waste";
			};
			name = Release;
		};
/* End XCBuildConfiguration section */

/* Begin XCConfigurationList section */
		DB45E05C22526C4A0009CB4A /* Build configuration list for PBXProject "anti-waste" */ = {
			isa = XCConfigurationList;
			buildConfigurations = (
				DB45E08722526C4B0009CB4A /* Debug */,
				DB45E08822526C4B0009CB4A /* Release */,
			);
			defaultConfigurationIsVisible = 0;
			defaultConfigurationName = Release;
		};
		DB45E08922526C4B0009CB4A /* Build configuration list for PBXNativeTarget "anti-waste" */ = {
			isa = XCConfigurationList;
			buildConfigurations = (
				DB45E08A22526C4B0009CB4A /* Debug */,
				DB45E08B22526C4B0009CB4A /* Release */,
			);
			defaultConfigurationIsVisible = 0;
			defaultConfigurationName = Release;
		};
		DB45E08C22526C4B0009CB4A /* Build configuration list for PBXNativeTarget "anti-wasteTests" */ = {
			isa = XCConfigurationList;
			buildConfigurations = (
				DB45E08D22526C4B0009CB4A /* Debug */,
				DB45E08E22526C4B0009CB4A /* Release */,
			);
			defaultConfigurationIsVisible = 0;
			defaultConfigurationName = Release;
		};
		DB45E08F22526C4B0009CB4A /* Build configuration list for PBXNativeTarget "anti-wasteUITests" */ = {
			isa = XCConfigurationList;
			buildConfigurations = (
				DB45E09022526C4B0009CB4A /* Debug */,
				DB45E09122526C4B0009CB4A /* Release */,
			);
			defaultConfigurationIsVisible = 0;
			defaultConfigurationName = Release;
		};
/* End XCConfigurationList section */
	};
	rootObject = DB45E05922526C4A0009CB4A /* Project object */;
}
